
Microsoft Visual Studio Solution File, Format Version 12.00
# Visual Studio 15
VisualStudioVersion = 15.0.27130.2010
MinimumVisualStudioVersion = 10.0.40219.1
Project("{2150E333-8FDC-42A3-9474-1A3956D46DE8}") = "Web", "Web", "{DE5EB76C-DF4E-4464-8121-5E63CF30A3BE}"
EndProject
Project("{2150E333-8FDC-42A3-9474-1A3956D46DE8}") = "Biometric", "Biometric", "{BEDE5519-7F11-4E2D-ADD0-BDFA45537603}"
EndProject
Project("{E53339B2-1760-4266-BCC7-CA923CBCF16C}") = "docker-compose", "docker-compose.dcproj", "{3CE18CDA-461A-47AB-9791-198444D35864}"
EndProject
Project("{2150E333-8FDC-42A3-9474-1A3956D46DE8}") = "Identity", "Identity", "{A179C033-381E-4CB5-BFEA-ED1D1149736F}"
EndProject
Project("{9A19103F-16F7-4668-BE54-9A1E7A4F7556}") = "Toffees.Identity", "Identity\Toffees.Identity.csproj", "{419E0C51-3362-4FF9-8469-ED2D2936FF37}"
EndProject
Project("{9A19103F-16F7-4668-BE54-9A1E7A4F7556}") = "Toffees.Glucose", "Biometric\Toffees.Glucose.csproj", "{48CB70ED-B154-4559-9E0D-5F6483A004EE}"
EndProject
Project("{9A19103F-16F7-4668-BE54-9A1E7A4F7556}") = "Toffees.Web", "Web\Toffees.Web.csproj", "{F08439DF-0355-4D56-81C0-572A7C4DA8CB}"
EndProject
Global
	GlobalSection(SolutionConfigurationPlatforms) = preSolution
		Debug|Any CPU = Debug|Any CPU
		Release|Any CPU = Release|Any CPU
	EndGlobalSection
	GlobalSection(ProjectConfigurationPlatforms) = postSolution
		{3CE18CDA-461A-47AB-9791-198444D35864}.Debug|Any CPU.ActiveCfg = Debug|Any CPU
		{3CE18CDA-461A-47AB-9791-198444D35864}.Debug|Any CPU.Build.0 = Debug|Any CPU
		{3CE18CDA-461A-47AB-9791-198444D35864}.Release|Any CPU.ActiveCfg = Release|Any CPU
		{3CE18CDA-461A-47AB-9791-198444D35864}.Release|Any CPU.Build.0 = Release|Any CPU
		{419E0C51-3362-4FF9-8469-ED2D2936FF37}.Debug|Any CPU.ActiveCfg = Debug|Any CPU
		{419E0C51-3362-4FF9-8469-ED2D2936FF37}.Debug|Any CPU.Build.0 = Debug|Any CPU
		{419E0C51-3362-4FF9-8469-ED2D2936FF37}.Release|Any CPU.ActiveCfg = Release|Any CPU
		{419E0C51-3362-4FF9-8469-ED2D2936FF37}.Release|Any CPU.Build.0 = Release|Any CPU
		{48CB70ED-B154-4559-9E0D-5F6483A004EE}.Debug|Any CPU.ActiveCfg = Debug|Any CPU
		{48CB70ED-B154-4559-9E0D-5F6483A004EE}.Debug|Any CPU.Build.0 = Debug|Any CPU
		{48CB70ED-B154-4559-9E0D-5F6483A004EE}.Release|Any CPU.ActiveCfg = Release|Any CPU
		{48CB70ED-B154-4559-9E0D-5F6483A004EE}.Release|Any CPU.Build.0 = Release|Any CPU
		{F08439DF-0355-4D56-81C0-572A7C4DA8CB}.Debug|Any CPU.ActiveCfg = Debug|Any CPU
		{F08439DF-0355-4D56-81C0-572A7C4DA8CB}.Debug|Any CPU.Build.0 = Debug|Any CPU
		{F08439DF-0355-4D56-81C0-572A7C4DA8CB}.Release|Any CPU.ActiveCfg = Release|Any CPU
		{F08439DF-0355-4D56-81C0-572A7C4DA8CB}.Release|Any CPU.Build.0 = Release|Any CPU
	EndGlobalSection
	GlobalSection(SolutionProperties) = preSolution
		HideSolutionNode = FALSE
	EndGlobalSection
	GlobalSection(NestedProjects) = preSolution
		{419E0C51-3362-4FF9-8469-ED2D2936FF37} = {A179C033-381E-4CB5-BFEA-ED1D1149736F}
		{48CB70ED-B154-4559-9E0D-5F6483A004EE} = {BEDE5519-7F11-4E2D-ADD0-BDFA45537603}
		{F08439DF-0355-4D56-81C0-572A7C4DA8CB} = {DE5EB76C-DF4E-4464-8121-5E63CF30A3BE}
	EndGlobalSection
	GlobalSection(ExtensibilityGlobals) = postSolution
		SolutionGuid = {83ACB2D5-E746-45E2-A645-7088E41DC1B1}
	EndGlobalSection
EndGlobal
